
Microsoft Visual Studio Solution File, Format Version 12.00
# Visual Studio Version 16
VisualStudioVersion = 16.0.31613.86
MinimumVisualStudioVersion = 10.0.40219.1
Project("{FAE04EC0-301F-11D3-BF4B-00C04F79EFBC}") = "lab9_dictionary", "lab9_dictionary.csproj", "{5BBE11D7-4CB9-44DB-B5D5-65718141D324}"
EndProject
Global
	GlobalSection(SolutionConfigurationPlatforms) = preSolution
		Debug|Any CPU = Debug|Any CPU
		Release|Any CPU = Release|Any CPU
	EndGlobalSection
	GlobalSection(ProjectConfigurationPlatforms) = postSolution
		{5BBE11D7-4CB9-44DB-B5D5-65718141D324}.Debug|Any CPU.ActiveCfg = Debug|Any CPU
		{5BBE11D7-4CB9-44DB-B5D5-65718141D324}.Debug|Any CPU.Build.0 = Debug|Any CPU
		{5BBE11D7-4CB9-44DB-B5D5-65718141D324}.Release|Any CPU.ActiveCfg = Release|Any CPU
		{5BBE11D7-4CB9-44DB-B5D5-65718141D324}.Release|Any CPU.Build.0 = Release|Any CPU
	EndGlobalSection
	GlobalSection(SolutionProperties) = preSolution
		HideSolutionNode = FALSE
	EndGlobalSection
	GlobalSection(ExtensibilityGlobals) = postSolution
		SolutionGuid = {F7B7E985-200C-4D8F-95FE-880298663799}
	EndGlobalSection
EndGlobal
